
Microsoft Visual Studio Solution File, Format Version 12.00
# Visual Studio Version 17
VisualStudioVersion = 17.8.34112.27
MinimumVisualStudioVersion = 10.0.40219.1
Project("{FAE04EC0-301F-11D3-BF4B-00C04F79EFBC}") = "EFCoreTest_Web", "EFCoreTest\EFCoreTest_Web.csproj", "{61A0E8DC-6492-4355-9893-EC80988EC53C}"
EndProject
Project("{FAE04EC0-301F-11D3-BF4B-00C04F79EFBC}") = "EFCoreTest_DataAccess", "EFCoreTest_DataAccess\EFCoreTest_DataAccess.csproj", "{C1416920-019D-430C-B8DF-94083266C031}"
EndProject
Project("{FAE04EC0-301F-11D3-BF4B-00C04F79EFBC}") = "EFCoreTest_Model", "EFCoreTest_Model\EFCoreTest_Model.csproj", "{119D242F-5FC7-43D4-8DA7-2EA166CC6119}"
EndProject
Project("{FAE04EC0-301F-11D3-BF4B-00C04F79EFBC}") = "EFCoreTest_Console", "EFCoreTest_Console\EFCoreTest_Console.csproj", "{533A4E8A-0F3A-42D3-9E48-F6B126109E6C}"
EndProject
Global
	GlobalSection(SolutionConfigurationPlatforms) = preSolution
		Debug|Any CPU = Debug|Any CPU
		Release|Any CPU = Release|Any CPU
	EndGlobalSection
	GlobalSection(ProjectConfigurationPlatforms) = postSolution
		{61A0E8DC-6492-4355-9893-EC80988EC53C}.Debug|Any CPU.ActiveCfg = Debug|Any CPU
		{61A0E8DC-6492-4355-9893-EC80988EC53C}.Debug|Any CPU.Build.0 = Debug|Any CPU
		{61A0E8DC-6492-4355-9893-EC80988EC53C}.Release|Any CPU.ActiveCfg = Release|Any CPU
		{61A0E8DC-6492-4355-9893-EC80988EC53C}.Release|Any CPU.Build.0 = Release|Any CPU
		{C1416920-019D-430C-B8DF-94083266C031}.Debug|Any CPU.ActiveCfg = Debug|Any CPU
		{C1416920-019D-430C-B8DF-94083266C031}.Debug|Any CPU.Build.0 = Debug|Any CPU
		{C1416920-019D-430C-B8DF-94083266C031}.Release|Any CPU.ActiveCfg = Release|Any CPU
		{C1416920-019D-430C-B8DF-94083266C031}.Release|Any CPU.Build.0 = Release|Any CPU
		{119D242F-5FC7-43D4-8DA7-2EA166CC6119}.Debug|Any CPU.ActiveCfg = Debug|Any CPU
		{119D242F-5FC7-43D4-8DA7-2EA166CC6119}.Debug|Any CPU.Build.0 = Debug|Any CPU
		{119D242F-5FC7-43D4-8DA7-2EA166CC6119}.Release|Any CPU.ActiveCfg = Release|Any CPU
		{119D242F-5FC7-43D4-8DA7-2EA166CC6119}.Release|Any CPU.Build.0 = Release|Any CPU
		{533A4E8A-0F3A-42D3-9E48-F6B126109E6C}.Debug|Any CPU.ActiveCfg = Debug|Any CPU
		{533A4E8A-0F3A-42D3-9E48-F6B126109E6C}.Debug|Any CPU.Build.0 = Debug|Any CPU
		{533A4E8A-0F3A-42D3-9E48-F6B126109E6C}.Release|Any CPU.ActiveCfg = Release|Any CPU
		{533A4E8A-0F3A-42D3-9E48-F6B126109E6C}.Release|Any CPU.Build.0 = Release|Any CPU
	EndGlobalSection
	GlobalSection(SolutionProperties) = preSolution
		HideSolutionNode = FALSE
	EndGlobalSection
	GlobalSection(ExtensibilityGlobals) = postSolution
		SolutionGuid = {D939FCB2-B3FB-4DA1-A4A9-EE815CEF53CB}
	EndGlobalSection
EndGlobal
